PODS:
  - FastDiff (1.1.1)
  - Kekka (0.8.1)

DEPENDENCIES:
  - FastDiff
  - Kekka
  - Kekka (~> 0.8.1)

SPEC REPOS:
  https://github.com/cocoapods/specs.git:
    - FastDiff
    - Kekka

SPEC CHECKSUMS:
  FastDiff: 641e98e5cfdd054c465323f3a527f1d175dc4957
  Kekka: a3d3021cca1200f77ba1cfba0329242ffb48c8c3

PODFILE CHECKSUM: 2a8a4accdaee88387c6b510b9e92dc2c0a0c6203

COCOAPODS: 1.5.3
